
Microsoft Visual Studio Solution File, Format Version 11.00
# Visual Studio 2010
Project("{FAE04EC0-301F-11D3-BF4B-00C04F79EFBC}") = "Motore.Performance.Web", "Motore.Performance.Web\Motore.Performance.Web.csproj", "{B89015F3-DA91-4107-9695-F4548B1B37FA}"
EndProject
Project("{FAE04EC0-301F-11D3-BF4B-00C04F79EFBC}") = "Motore.Library", "Motore.Library\Motore.Library.csproj", "{B1EF7AF5-1190-4511-A623-AA8FF742FB61}"
EndProject
Project("{FAE04EC0-301F-11D3-BF4B-00C04F79EFBC}") = "Motore.Library.Tests", "Motore.Library.Tests\Motore.Library.Tests.csproj", "{62C84B42-DF7C-48D3-80DA-2D4B877B0F15}"
EndProject
Project("{2150E333-8FDC-42A3-9474-1A3956D46DE8}") = ".nuget", ".nuget", "{55477A23-ECE7-40B8-9A43-06DC016D9875}"
	ProjectSection(SolutionItems) = preProject
		.nuget\NuGet.exe = .nuget\NuGet.exe
		.nuget\NuGet.targets = .nuget\NuGet.targets
	EndProjectSection
EndProject
Project("{FAE04EC0-301F-11D3-BF4B-00C04F79EFBC}") = "Motore.Performance.Web.Tests", "Motore.Performance.Web.Tests\Motore.Performance.Web.Tests.csproj", "{DA5F1D9B-21EB-4691-848F-57D07597C5B1}"
EndProject
Project("{FAE04EC0-301F-11D3-BF4B-00C04F79EFBC}") = "MarketDataRequestService", "MarketDataRequestService\MarketDataRequestService.csproj", "{0130DA09-13EB-4167-9714-F8527DF73B7D}"
EndProject
Global
	GlobalSection(SolutionConfigurationPlatforms) = preSolution
		Debug|Any CPU = Debug|Any CPU
		Debug|Mixed Platforms = Debug|Mixed Platforms
		Debug|x86 = Debug|x86
		Release|Any CPU = Release|Any CPU
		Release|Mixed Platforms = Release|Mixed Platforms
		Release|x86 = Release|x86
	EndGlobalSection
	GlobalSection(ProjectConfigurationPlatforms) = postSolution
		{B89015F3-DA91-4107-9695-F4548B1B37FA}.Debug|Any CPU.ActiveCfg = Debug|Any CPU
		{B89015F3-DA91-4107-9695-F4548B1B37FA}.Debug|Any CPU.Build.0 = Debug|Any CPU
		{B89015F3-DA91-4107-9695-F4548B1B37FA}.Debug|Mixed Platforms.ActiveCfg = Debug|Any CPU
		{B89015F3-DA91-4107-9695-F4548B1B37FA}.Debug|Mixed Platforms.Build.0 = Debug|Any CPU
		{B89015F3-DA91-4107-9695-F4548B1B37FA}.Debug|x86.ActiveCfg = Debug|Any CPU
		{B89015F3-DA91-4107-9695-F4548B1B37FA}.Release|Any CPU.ActiveCfg = Release|Any CPU
		{B89015F3-DA91-4107-9695-F4548B1B37FA}.Release|Any CPU.Build.0 = Release|Any CPU
		{B89015F3-DA91-4107-9695-F4548B1B37FA}.Release|Mixed Platforms.ActiveCfg = Release|Any CPU
		{B89015F3-DA91-4107-9695-F4548B1B37FA}.Release|Mixed Platforms.Build.0 = Release|Any CPU
		{B89015F3-DA91-4107-9695-F4548B1B37FA}.Release|x86.ActiveCfg = Release|Any CPU
		{B1EF7AF5-1190-4511-A623-AA8FF742FB61}.Debug|Any CPU.ActiveCfg = Debug|Any CPU
		{B1EF7AF5-1190-4511-A623-AA8FF742FB61}.Debug|Any CPU.Build.0 = Debug|Any CPU
		{B1EF7AF5-1190-4511-A623-AA8FF742FB61}.Debug|Mixed Platforms.ActiveCfg = Debug|Any CPU
		{B1EF7AF5-1190-4511-A623-AA8FF742FB61}.Debug|Mixed Platforms.Build.0 = Debug|Any CPU
		{B1EF7AF5-1190-4511-A623-AA8FF742FB61}.Debug|x86.ActiveCfg = Debug|Any CPU
		{B1EF7AF5-1190-4511-A623-AA8FF742FB61}.Release|Any CPU.ActiveCfg = Release|Any CPU
		{B1EF7AF5-1190-4511-A623-AA8FF742FB61}.Release|Any CPU.Build.0 = Release|Any CPU
		{B1EF7AF5-1190-4511-A623-AA8FF742FB61}.Release|Mixed Platforms.ActiveCfg = Release|Any CPU
		{B1EF7AF5-1190-4511-A623-AA8FF742FB61}.Release|Mixed Platforms.Build.0 = Release|Any CPU
		{B1EF7AF5-1190-4511-A623-AA8FF742FB61}.Release|x86.ActiveCfg = Release|Any CPU
		{62C84B42-DF7C-48D3-80DA-2D4B877B0F15}.Debug|Any CPU.ActiveCfg = Debug|Any CPU
		{62C84B42-DF7C-48D3-80DA-2D4B877B0F15}.Debug|Any CPU.Build.0 = Debug|Any CPU
		{62C84B42-DF7C-48D3-80DA-2D4B877B0F15}.Debug|Mixed Platforms.ActiveCfg = Debug|Any CPU
		{62C84B42-DF7C-48D3-80DA-2D4B877B0F15}.Debug|Mixed Platforms.Build.0 = Debug|Any CPU
		{62C84B42-DF7C-48D3-80DA-2D4B877B0F15}.Debug|x86.ActiveCfg = Debug|Any CPU
		{62C84B42-DF7C-48D3-80DA-2D4B877B0F15}.Release|Any CPU.ActiveCfg = Release|Any CPU
		{62C84B42-DF7C-48D3-80DA-2D4B877B0F15}.Release|Any CPU.Build.0 = Release|Any CPU
		{62C84B42-DF7C-48D3-80DA-2D4B877B0F15}.Release|Mixed Platforms.ActiveCfg = Release|Any CPU
		{62C84B42-DF7C-48D3-80DA-2D4B877B0F15}.Release|Mixed Platforms.Build.0 = Release|Any CPU
		{62C84B42-DF7C-48D3-80DA-2D4B877B0F15}.Release|x86.ActiveCfg = Release|Any CPU
		{DA5F1D9B-21EB-4691-848F-57D07597C5B1}.Debug|Any CPU.ActiveCfg = Debug|Any CPU
		{DA5F1D9B-21EB-4691-848F-57D07597C5B1}.Debug|Any CPU.Build.0 = Debug|Any CPU
		{DA5F1D9B-21EB-4691-848F-57D07597C5B1}.Debug|Mixed Platforms.ActiveCfg = Debug|Any CPU
		{DA5F1D9B-21EB-4691-848F-57D07597C5B1}.Debug|Mixed Platforms.Build.0 = Debug|Any CPU
		{DA5F1D9B-21EB-4691-848F-57D07597C5B1}.Debug|x86.ActiveCfg = Debug|Any CPU
		{DA5F1D9B-21EB-4691-848F-57D07597C5B1}.Release|Any CPU.ActiveCfg = Release|Any CPU
		{DA5F1D9B-21EB-4691-848F-57D07597C5B1}.Release|Any CPU.Build.0 = Release|Any CPU
		{DA5F1D9B-21EB-4691-848F-57D07597C5B1}.Release|Mixed Platforms.ActiveCfg = Release|Any CPU
		{DA5F1D9B-21EB-4691-848F-57D07597C5B1}.Release|Mixed Platforms.Build.0 = Release|Any CPU
		{DA5F1D9B-21EB-4691-848F-57D07597C5B1}.Release|x86.ActiveCfg = Release|Any CPU
		{0130DA09-13EB-4167-9714-F8527DF73B7D}.Debug|Any CPU.ActiveCfg = Debug|x86
		{0130DA09-13EB-4167-9714-F8527DF73B7D}.Debug|Mixed Platforms.ActiveCfg = Debug|x86
		{0130DA09-13EB-4167-9714-F8527DF73B7D}.Debug|Mixed Platforms.Build.0 = Debug|x86
		{0130DA09-13EB-4167-9714-F8527DF73B7D}.Debug|x86.ActiveCfg = Debug|x86
		{0130DA09-13EB-4167-9714-F8527DF73B7D}.Debug|x86.Build.0 = Debug|x86
		{0130DA09-13EB-4167-9714-F8527DF73B7D}.Release|Any CPU.ActiveCfg = Release|x86
		{0130DA09-13EB-4167-9714-F8527DF73B7D}.Release|Mixed Platforms.ActiveCfg = Release|x86
		{0130DA09-13EB-4167-9714-F8527DF73B7D}.Release|Mixed Platforms.Build.0 = Release|x86
		{0130DA09-13EB-4167-9714-F8527DF73B7D}.Release|x86.ActiveCfg = Release|x86
		{0130DA09-13EB-4167-9714-F8527DF73B7D}.Release|x86.Build.0 = Release|x86
	EndGlobalSection
	GlobalSection(SolutionProperties) = preSolution
		HideSolutionNode = FALSE
	EndGlobalSection
EndGlobal
